
Microsoft Visual Studio Solution File, Format Version 12.00
# Visual Studio Version 16
VisualStudioVersion = 16.0.30011.22
MinimumVisualStudioVersion = 10.0.40219.1
Project("{9092AA53-FB77-4645-B42D-1CCCA6BD08BD}") = "FlorestRunner", "FlorestRunner.njsproj", "{40898F69-AF0C-4D56-BF9A-8A2F7E7AB03A}"
EndProject
Global
	GlobalSection(SolutionConfigurationPlatforms) = preSolution
		Debug|Any CPU = Debug|Any CPU
		Release|Any CPU = Release|Any CPU
	EndGlobalSection
	GlobalSection(ProjectConfigurationPlatforms) = postSolution
		{40898F69-AF0C-4D56-BF9A-8A2F7E7AB03A}.Debug|Any CPU.ActiveCfg = Debug|Any CPU
		{40898F69-AF0C-4D56-BF9A-8A2F7E7AB03A}.Debug|Any CPU.Build.0 = Debug|Any CPU
		{40898F69-AF0C-4D56-BF9A-8A2F7E7AB03A}.Release|Any CPU.ActiveCfg = Release|Any CPU
		{40898F69-AF0C-4D56-BF9A-8A2F7E7AB03A}.Release|Any CPU.Build.0 = Release|Any CPU
	EndGlobalSection
	GlobalSection(SolutionProperties) = preSolution
		HideSolutionNode = FALSE
	EndGlobalSection
	GlobalSection(ExtensibilityGlobals) = postSolution
		SolutionGuid = {D9F99C3A-6671-4424-987F-18C9F8855DF1}
	EndGlobalSection
EndGlobal
